
Microsoft Visual Studio Solution File, Format Version 12.00
# Visual Studio Version 16
VisualStudioVersion = 16.0.31313.79
MinimumVisualStudioVersion = 10.0.40219.1
Project("{8BC9CEB8-8B4A-11D0-8D11-00A0C91BC942}") = "Skeleton", "Skeleton\Skeleton.vcxproj", "{85E4257B-CB8E-48B0-813C-0982252D031A}"
EndProject
Global
	GlobalSection(SolutionConfigurationPlatforms) = preSolution
		Debug|x64 = Debug|x64
		Debug|x86 = Debug|x86
		Release|x64 = Release|x64
		Release|x86 = Release|x86
	EndGlobalSection
	GlobalSection(ProjectConfigurationPlatforms) = postSolution
		{85E4257B-CB8E-48B0-813C-0982252D031A}.Debug|x64.ActiveCfg = Debug|x64
		{85E4257B-CB8E-48B0-813C-0982252D031A}.Debug|x64.Build.0 = Debug|x64
		{85E4257B-CB8E-48B0-813C-0982252D031A}.Debug|x86.ActiveCfg = Debug|Win32
		{85E4257B-CB8E-48B0-813C-0982252D031A}.Debug|x86.Build.0 = Debug|Win32
		{85E4257B-CB8E-48B0-813C-0982252D031A}.Release|x64.ActiveCfg = Release|x64
		{85E4257B-CB8E-48B0-813C-0982252D031A}.Release|x64.Build.0 = Release|x64
		{85E4257B-CB8E-48B0-813C-0982252D031A}.Release|x86.ActiveCfg = Release|Win32
		{85E4257B-CB8E-48B0-813C-0982252D031A}.Release|x86.Build.0 = Release|Win32
	EndGlobalSection
	GlobalSection(SolutionProperties) = preSolution
		HideSolutionNode = FALSE
	EndGlobalSection
	GlobalSection(ExtensibilityGlobals) = postSolution
		SolutionGuid = {B20F1F34-F527-4B47-B45B-F4DF15C88EBD}
	EndGlobalSection
EndGlobal
